
Microsoft Visual Studio Solution File, Format Version 12.00
# Visual Studio 2012
Project("{FAE04EC0-301F-11D3-BF4B-00C04F79EFBC}") = "MarkdownInLiveWriter", "MarkdownInLiveWriter\MarkdownInLiveWriter.csproj", "{8F3AFD4E-C829-402E-80CC-DA0D34A7A015}"
EndProject
Global
	GlobalSection(SolutionConfigurationPlatforms) = preSolution
		Debug|Any CPU = Debug|Any CPU
		Release|Any CPU = Release|Any CPU
	EndGlobalSection
	GlobalSection(ProjectConfigurationPlatforms) = postSolution
		{8F3AFD4E-C829-402E-80CC-DA0D34A7A015}.Debug|Any CPU.ActiveCfg = Debug|Any CPU
		{8F3AFD4E-C829-402E-80CC-DA0D34A7A015}.Debug|Any CPU.Build.0 = Debug|Any CPU
		{8F3AFD4E-C829-402E-80CC-DA0D34A7A015}.Release|Any CPU.ActiveCfg = Release|Any CPU
		{8F3AFD4E-C829-402E-80CC-DA0D34A7A015}.Release|Any CPU.Build.0 = Release|Any CPU
	EndGlobalSection
	GlobalSection(SolutionProperties) = preSolution
		HideSolutionNode = FALSE
	EndGlobalSection
EndGlobal
